// !$*UTF8*$!
{
	archiveVersion = 1;
	classes = {
	};
	objectVersion = 56;
	objects = {

/* Begin PBXBuildFile section */
		63BA994CA2CA814E67DBB6C3 /* Pods_Rickaland.framework in Frameworks */ = {isa = PBXBuildFile; fileRef = CD5F2885D78FC5D9311FB3E7 /* Pods_Rickaland.framework */; };
		8A1CCE5F29B22F5A002484A6 /* RMLoginModel.swift in Sources */ = {isa = PBXBuildFile; fileRef = 8A1CCE5E29B22F5A002484A6 /* RMLoginModel.swift */; };
		8A1CCE6129B22F84002484A6 /* RMLoginViewModel.swift in Sources */ = {isa = PBXBuildFile; fileRef = 8A1CCE6029B22F84002484A6 /* RMLoginViewModel.swift */; };
		8A1CCE6329B2360B002484A6 /* RMTabBarController.swift in Sources */ = {isa = PBXBuildFile; fileRef = 8A1CCE6229B2360B002484A6 /* RMTabBarController.swift */; };
		8A1CCE6529B25C86002484A6 /* RMQuotesViewController.swift in Sources */ = {isa = PBXBuildFile; fileRef = 8A1CCE6429B25C86002484A6 /* RMQuotesViewController.swift */; };
		8A1CCE6729B25C90002484A6 /* RMInfoViewController.swift in Sources */ = {isa = PBXBuildFile; fileRef = 8A1CCE6629B25C90002484A6 /* RMInfoViewController.swift */; };
		8A1CCE6929B262C3002484A6 /* RMSettingsViewController.swift in Sources */ = {isa = PBXBuildFile; fileRef = 8A1CCE6829B262C3002484A6 /* RMSettingsViewController.swift */; };
		8A78814A29B3197E00EC9ED2 /* RMRegisterButtonViewController.swift in Sources */ = {isa = PBXBuildFile; fileRef = 8A78814929B3197E00EC9ED2 /* RMRegisterButtonViewController.swift */; };
		8A78814C29B31A9500EC9ED2 /* RMForgotPasswordViewController.swift in Sources */ = {isa = PBXBuildFile; fileRef = 8A78814B29B31A9500EC9ED2 /* RMForgotPasswordViewController.swift */; };
		8AA2B8EF29B1EA6800A6CDC6 /* AppDelegate.swift in Sources */ = {isa = PBXBuildFile; fileRef = 8AA2B8EE29B1EA6800A6CDC6 /* AppDelegate.swift */; };
		8AA2B8F129B1EA6800A6CDC6 /* SceneDelegate.swift in Sources */ = {isa = PBXBuildFile; fileRef = 8AA2B8F029B1EA6800A6CDC6 /* SceneDelegate.swift */; };
		8AA2B8F329B1EA6800A6CDC6 /* RMLoginViewController.swift in Sources */ = {isa = PBXBuildFile; fileRef = 8AA2B8F229B1EA6800A6CDC6 /* RMLoginViewController.swift */; };
		8AA2B8F829B1EA6800A6CDC6 /* Assets.xcassets in Resources */ = {isa = PBXBuildFile; fileRef = 8AA2B8F729B1EA6800A6CDC6 /* Assets.xcassets */; };
		8AA2B8FB29B1EA6800A6CDC6 /* LaunchScreen.storyboard in Resources */ = {isa = PBXBuildFile; fileRef = 8AA2B8F929B1EA6800A6CDC6 /* LaunchScreen.storyboard */; };
		8AA2B90529B1EB6E00A6CDC6 /* Extensions.swift in Sources */ = {isa = PBXBuildFile; fileRef = 8AA2B90429B1EB6E00A6CDC6 /* Extensions.swift */; };
/* End PBXBuildFile section */

/* Begin PBXFileReference section */
		521664A9FE66F959634B1F5E /* Pods-Rickaland.release.xcconfig */ = {isa = PBXFileReference; includeInIndex = 1; lastKnownFileType = text.xcconfig; name = "Pods-Rickaland.release.xcconfig"; path = "Target Support Files/Pods-Rickaland/Pods-Rickaland.release.xcconfig"; sourceTree = "<group>"; };
		8A1CCE5E29B22F5A002484A6 /* RMLoginModel.swift */ = {isa = PBXFileReference; lastKnownFileType = sourcecode.swift; path = RMLoginModel.swift; sourceTree = "<group>"; };
		8A1CCE6029B22F84002484A6 /* RMLoginViewModel.swift */ = {isa = PBXFileReference; lastKnownFileType = sourcecode.swift; path = RMLoginViewModel.swift; sourceTree = "<group>"; };
		8A1CCE6229B2360B002484A6 /* RMTabBarController.swift */ = {isa = PBXFileReference; lastKnownFileType = sourcecode.swift; path = RMTabBarController.swift; sourceTree = "<group>"; };
		8A1CCE6429B25C86002484A6 /* RMQuotesViewController.swift */ = {isa = PBXFileReference; lastKnownFileType = sourcecode.swift; path = RMQuotesViewController.swift; sourceTree = "<group>"; };
		8A1CCE6629B25C90002484A6 /* RMInfoViewController.swift */ = {isa = PBXFileReference; lastKnownFileType = sourcecode.swift; path = RMInfoViewController.swift; sourceTree = "<group>"; };
		8A1CCE6829B262C3002484A6 /* RMSettingsViewController.swift */ = {isa = PBXFileReference; lastKnownFileType = sourcecode.swift; path = RMSettingsViewController.swift; sourceTree = "<group>"; };
		8A78814929B3197E00EC9ED2 /* RMRegisterButtonViewController.swift */ = {isa = PBXFileReference; lastKnownFileType = sourcecode.swift; path = RMRegisterButtonViewController.swift; sourceTree = "<group>"; };
		8A78814B29B31A9500EC9ED2 /* RMForgotPasswordViewController.swift */ = {isa = PBXFileReference; lastKnownFileType = sourcecode.swift; path = RMForgotPasswordViewController.swift; sourceTree = "<group>"; };
		8AA2B8EB29B1EA6800A6CDC6 /* Rickaland.app */ = {isa = PBXFileReference; explicitFileType = wrapper.application; includeInIndex = 0; path = Rickaland.app; sourceTree = BUILT_PRODUCTS_DIR; };
		8AA2B8EE29B1EA6800A6CDC6 /* AppDelegate.swift */ = {isa = PBXFileReference; lastKnownFileType = sourcecode.swift; path = AppDelegate.swift; sourceTree = "<group>"; };
		8AA2B8F029B1EA6800A6CDC6 /* SceneDelegate.swift */ = {isa = PBXFileReference; lastKnownFileType = sourcecode.swift; path = SceneDelegate.swift; sourceTree = "<group>"; };
		8AA2B8F229B1EA6800A6CDC6 /* RMLoginViewController.swift */ = {isa = PBXFileReference; lastKnownFileType = sourcecode.swift; path = RMLoginViewController.swift; sourceTree = "<group>"; };
		8AA2B8F729B1EA6800A6CDC6 /* Assets.xcassets */ = {isa = PBXFileReference; lastKnownFileType = folder.assetcatalog; path = Assets.xcassets; sourceTree = "<group>"; };
		8AA2B8FA29B1EA6800A6CDC6 /* Base */ = {isa = PBXFileReference; lastKnownFileType = file.storyboard; name = Base; path = Base.lproj/LaunchScreen.storyboard; sourceTree = "<group>"; };
		8AA2B8FC29B1EA6800A6CDC6 /* Info.plist */ = {isa = PBXFileReference; lastKnownFileType = text.plist.xml; path = Info.plist; sourceTree = "<group>"; };
		8AA2B90429B1EB6E00A6CDC6 /* Extensions.swift */ = {isa = PBXFileReference; lastKnownFileType = sourcecode.swift; path = Extensions.swift; sourceTree = "<group>"; };
		920895AD617CA313CF9786B0 /* Pods-Rickaland.debug.xcconfig */ = {isa = PBXFileReference; includeInIndex = 1; lastKnownFileType = text.xcconfig; name = "Pods-Rickaland.debug.xcconfig"; path = "Target Support Files/Pods-Rickaland/Pods-Rickaland.debug.xcconfig"; sourceTree = "<group>"; };
		CD5F2885D78FC5D9311FB3E7 /* Pods_Rickaland.framework */ = {isa = PBXFileReference; explicitFileType = wrapper.framework; includeInIndex = 0; path = Pods_Rickaland.framework; sourceTree = BUILT_PRODUCTS_DIR; };
/* End PBXFileReference section */

/* Begin PBXFrameworksBuildPhase section */
		8AA2B8E829B1EA6800A6CDC6 /* Frameworks */ = {
			isa = PBXFrameworksBuildPhase;
			buildActionMask = 2147483647;
			files = (
				63BA994CA2CA814E67DBB6C3 /* Pods_Rickaland.framework in Frameworks */,
			);
			runOnlyForDeploymentPostprocessing = 0;
		};
/* End PBXFrameworksBuildPhase section */

/* Begin PBXGroup section */
		49798118824FA93B0FDFD5A4 /* Frameworks */ = {
			isa = PBXGroup;
			children = (
				CD5F2885D78FC5D9311FB3E7 /* Pods_Rickaland.framework */,
			);
			name = Frameworks;
			sourceTree = "<group>";
		};
		8A1CCE5929B22F11002484A6 /* Views */ = {
			isa = PBXGroup;
			children = (
			);
			path = Views;
			sourceTree = "<group>";
		};
		8A1CCE5A29B22F16002484A6 /* Models */ = {
			isa = PBXGroup;
			children = (
				8A1CCE5E29B22F5A002484A6 /* RMLoginModel.swift */,
			);
			path = Models;
			sourceTree = "<group>";
		};
		8A1CCE5B29B22F1B002484A6 /* ViewModels */ = {
			isa = PBXGroup;
			children = (
				8A1CCE6029B22F84002484A6 /* RMLoginViewModel.swift */,
			);
			path = ViewModels;
			sourceTree = "<group>";
		};
		8A1CCE5C29B22F22002484A6 /* SupportingFiles */ = {
			isa = PBXGroup;
			children = (
				8AA2B90429B1EB6E00A6CDC6 /* Extensions.swift */,
				8AA2B8F029B1EA6800A6CDC6 /* SceneDelegate.swift */,
				8AA2B8EE29B1EA6800A6CDC6 /* AppDelegate.swift */,
				8AA2B8F929B1EA6800A6CDC6 /* LaunchScreen.storyboard */,
				8AA2B8F729B1EA6800A6CDC6 /* Assets.xcassets */,
			);
			path = SupportingFiles;
			sourceTree = "<group>";
		};
		8A1CCE5D29B22F3D002484A6 /* Controllers */ = {
			isa = PBXGroup;
			children = (
				8A78814829B3195E00EC9ED2 /* LoginScreenFlow */,
				8A1CCE6A29B262D4002484A6 /* Core */,
			);
			path = Controllers;
			sourceTree = "<group>";
		};
		8A1CCE6A29B262D4002484A6 /* Core */ = {
			isa = PBXGroup;
			children = (
				8A1CCE6229B2360B002484A6 /* RMTabBarController.swift */,
				8A1CCE6429B25C86002484A6 /* RMQuotesViewController.swift */,
				8A1CCE6629B25C90002484A6 /* RMInfoViewController.swift */,
				8A1CCE6829B262C3002484A6 /* RMSettingsViewController.swift */,
			);
			path = Core;
			sourceTree = "<group>";
		};
		8A78814829B3195E00EC9ED2 /* LoginScreenFlow */ = {
			isa = PBXGroup;
			children = (
				8AA2B8F229B1EA6800A6CDC6 /* RMLoginViewController.swift */,
				8A78814929B3197E00EC9ED2 /* RMRegisterButtonViewController.swift */,
				8A78814B29B31A9500EC9ED2 /* RMForgotPasswordViewController.swift */,
			);
			path = LoginScreenFlow;
			sourceTree = "<group>";
		};
		8AA2B8E229B1EA6800A6CDC6 = {
			isa = PBXGroup;
			children = (
				8A1CCE5D29B22F3D002484A6 /* Controllers */,
				8A1CCE5C29B22F22002484A6 /* SupportingFiles */,
				8A1CCE5B29B22F1B002484A6 /* ViewModels */,
				8A1CCE5A29B22F16002484A6 /* Models */,
				8A1CCE5929B22F11002484A6 /* Views */,
				8AA2B8ED29B1EA6800A6CDC6 /* Rickaland */,
				8AA2B8EC29B1EA6800A6CDC6 /* Products */,
				B169978DA586E67AA90906B8 /* Pods */,
				49798118824FA93B0FDFD5A4 /* Frameworks */,
			);
			sourceTree = "<group>";
		};
		8AA2B8EC29B1EA6800A6CDC6 /* Products */ = {
			isa = PBXGroup;
			children = (
				8AA2B8EB29B1EA6800A6CDC6 /* Rickaland.app */,
			);
			name = Products;
			sourceTree = "<group>";
		};
		8AA2B8ED29B1EA6800A6CDC6 /* Rickaland */ = {
			isa = PBXGroup;
			children = (
				8AA2B8FC29B1EA6800A6CDC6 /* Info.plist */,
			);
			path = Rickaland;
			sourceTree = "<group>";
		};
		B169978DA586E67AA90906B8 /* Pods */ = {
			isa = PBXGroup;
			children = (
				920895AD617CA313CF9786B0 /* Pods-Rickaland.debug.xcconfig */,
				521664A9FE66F959634B1F5E /* Pods-Rickaland.release.xcconfig */,
			);
			path = Pods;
			sourceTree = "<group>";
		};
/* End PBXGroup section */

/* Begin PBXNativeTarget section */
		8AA2B8EA29B1EA6800A6CDC6 /* Rickaland */ = {
			isa = PBXNativeTarget;
			buildConfigurationList = 8AA2B8FF29B1EA6800A6CDC6 /* Build configuration list for PBXNativeTarget "Rickaland" */;
			buildPhases = (
				F2ACBE1D27C580A08BDC9889 /* [CP] Check Pods Manifest.lock */,
				8AA2B8E729B1EA6800A6CDC6 /* Sources */,
				8AA2B8E829B1EA6800A6CDC6 /* Frameworks */,
				8AA2B8E929B1EA6800A6CDC6 /* Resources */,
				3AE8E1A5ED344F358AEC74B7 /* [CP] Embed Pods Frameworks */,
			);
			buildRules = (
			);
			dependencies = (
			);
			name = Rickaland;
			productName = Rickaland;
			productReference = 8AA2B8EB29B1EA6800A6CDC6 /* Rickaland.app */;
			productType = "com.apple.product-type.application";
		};
/* End PBXNativeTarget section */

/* Begin PBXProject section */
		8AA2B8E329B1EA6800A6CDC6 /* Project object */ = {
			isa = PBXProject;
			attributes = {
				BuildIndependentTargetsInParallel = 1;
				LastSwiftUpdateCheck = 1410;
				LastUpgradeCheck = 1410;
				TargetAttributes = {
					8AA2B8EA29B1EA6800A6CDC6 = {
						CreatedOnToolsVersion = 14.1;
					};
				};
			};
			buildConfigurationList = 8AA2B8E629B1EA6800A6CDC6 /* Build configuration list for PBXProject "Rickaland" */;
			compatibilityVersion = "Xcode 14.0";
			developmentRegion = en;
			hasScannedForEncodings = 0;
			knownRegions = (
				en,
				Base,
			);
			mainGroup = 8AA2B8E229B1EA6800A6CDC6;
			productRefGroup = 8AA2B8EC29B1EA6800A6CDC6 /* Products */;
			projectDirPath = "";
			projectRoot = "";
			targets = (
				8AA2B8EA29B1EA6800A6CDC6 /* Rickaland */,
			);
		};
/* End PBXProject section */

/* Begin PBXResourcesBuildPhase section */
		8AA2B8E929B1EA6800A6CDC6 /* Resources */ = {
			isa = PBXResourcesBuildPhase;
			buildActionMask = 2147483647;
			files = (
				8AA2B8FB29B1EA6800A6CDC6 /* LaunchScreen.storyboard in Resources */,
				8AA2B8F829B1EA6800A6CDC6 /* Assets.xcassets in Resources */,
			);
			runOnlyForDeploymentPostprocessing = 0;
		};
/* End PBXResourcesBuildPhase section */

/* Begin PBXShellScriptBuildPhase section */
		3AE8E1A5ED344F358AEC74B7 /* [CP] Embed Pods Frameworks */ = {
			isa = PBXShellScriptBuildPhase;
			buildActionMask = 2147483647;
			files = (
			);
			inputFileListPaths = (
				"${PODS_ROOT}/Target Support Files/Pods-Rickaland/Pods-Rickaland-frameworks-${CONFIGURATION}-input-files.xcfilelist",
			);
			name = "[CP] Embed Pods Frameworks";
			outputFileListPaths = (
				"${PODS_ROOT}/Target Support Files/Pods-Rickaland/Pods-Rickaland-frameworks-${CONFIGURATION}-output-files.xcfilelist",
			);
			runOnlyForDeploymentPostprocessing = 0;
			shellPath = /bin/sh;
			shellScript = "\"${PODS_ROOT}/Target Support Files/Pods-Rickaland/Pods-Rickaland-frameworks.sh\"\n";
			showEnvVarsInLog = 0;
		};
		F2ACBE1D27C580A08BDC9889 /* [CP] Check Pods Manifest.lock */ = {
			isa = PBXShellScriptBuildPhase;
			buildActionMask = 2147483647;
			files = (
			);
			inputFileListPaths = (
			);
			inputPaths = (
				"${PODS_PODFILE_DIR_PATH}/Podfile.lock",
				"${PODS_ROOT}/Manifest.lock",
			);
			name = "[CP] Check Pods Manifest.lock";
			outputFileListPaths = (
			);
			outputPaths = (
				"$(DERIVED_FILE_DIR)/Pods-Rickaland-checkManifestLockResult.txt",
			);
			runOnlyForDeploymentPostprocessing = 0;
			shellPath = /bin/sh;
			shellScript = "diff \"${PODS_PODFILE_DIR_PATH}/Podfile.lock\" \"${PODS_ROOT}/Manifest.lock\" > /dev/null\nif [ $? != 0 ] ; then\n    # print error to STDERR\n    echo \"error: The sandbox is not in sync with the Podfile.lock. Run 'pod install' or update your CocoaPods installation.\" >&2\n    exit 1\nfi\n# This output is used by Xcode 'outputs' to avoid re-running this script phase.\necho \"SUCCESS\" > \"${SCRIPT_OUTPUT_FILE_0}\"\n";
			showEnvVarsInLog = 0;
		};
/* End PBXShellScriptBuildPhase section */

/* Begin PBXSourcesBuildPhase section */
		8AA2B8E729B1EA6800A6CDC6 /* Sources */ = {
			isa = PBXSourcesBuildPhase;
			buildActionMask = 2147483647;
			files = (
				8A1CCE5F29B22F5A002484A6 /* RMLoginModel.swift in Sources */,
				8A78814A29B3197E00EC9ED2 /* RMRegisterButtonViewController.swift in Sources */,
				8AA2B8F329B1EA6800A6CDC6 /* RMLoginViewController.swift in Sources */,
				8A1CCE6129B22F84002484A6 /* RMLoginViewModel.swift in Sources */,
				8AA2B8EF29B1EA6800A6CDC6 /* AppDelegate.swift in Sources */,
				8A78814C29B31A9500EC9ED2 /* RMForgotPasswordViewController.swift in Sources */,
				8AA2B8F129B1EA6800A6CDC6 /* SceneDelegate.swift in Sources */,
				8A1CCE6329B2360B002484A6 /* RMTabBarController.swift in Sources */,
				8A1CCE6929B262C3002484A6 /* RMSettingsViewController.swift in Sources */,
				8A1CCE6529B25C86002484A6 /* RMQuotesViewController.swift in Sources */,
				8A1CCE6729B25C90002484A6 /* RMInfoViewController.swift in Sources */,
				8AA2B90529B1EB6E00A6CDC6 /* Extensions.swift in Sources */,
			);
			runOnlyForDeploymentPostprocessing = 0;
		};
/* End PBXSourcesBuildPhase section */

/* Begin PBXVariantGroup section */
		8AA2B8F929B1EA6800A6CDC6 /* LaunchScreen.storyboard */ = {
			isa = PBXVariantGroup;
			children = (
				8AA2B8FA29B1EA6800A6CDC6 /* Base */,
			);
			name = LaunchScreen.storyboard;
			sourceTree = "<group>";
		};
/* End PBXVariantGroup section */

/* Begin XCBuildConfiguration section */
		8AA2B8FD29B1EA6800A6CDC6 /* Debug */ = {
			isa = XCBuildConfiguration;
			buildSettings = {
				ALWAYS_SEARCH_USER_PATHS = NO;
				CLANG_ANALYZER_NONNULL = YES;
				CLANG_ANALYZER_NUMBER_OBJECT_CONVERSION = YES_AGGRESSIVE;
				CLANG_CXX_LANGUAGE_STANDARD = "gnu++20";
				CLANG_ENABLE_MODULES = YES;
				CLANG_ENABLE_OBJC_ARC = YES;
				CLANG_ENABLE_OBJC_WEAK = YES;
				CLANG_WARN_BLOCK_CAPTURE_AUTORELEASING = YES;
				CLANG_WARN_BOOL_CONVERSION = YES;
				CLANG_WARN_COMMA = YES;
				CLANG_WARN_CONSTANT_CONVERSION = YES;
				CLANG_WARN_DEPRECATED_OBJC_IMPLEMENTATIONS = YES;
				CLANG_WARN_DIRECT_OBJC_ISA_USAGE = YES_ERROR;
				CLANG_WARN_DOCUMENTATION_COMMENTS = YES;
				CLANG_WARN_EMPTY_BODY = YES;
				CLANG_WARN_ENUM_CONVERSION = YES;
				CLANG_WARN_INFINITE_RECURSION = YES;
				CLANG_WARN_INT_CONVERSION = YES;
				CLANG_WARN_NON_LITERAL_NULL_CONVERSION = YES;
				CLANG_WARN_OBJC_IMPLICIT_RETAIN_SELF = YES;
				CLANG_WARN_OBJC_LITERAL_CONVERSION = YES;
				CLANG_WARN_OBJC_ROOT_CLASS = YES_ERROR;
				CLANG_WARN_QUOTED_INCLUDE_IN_FRAMEWORK_HEADER = YES;
				CLANG_WARN_RANGE_LOOP_ANALYSIS = YES;
				CLANG_WARN_STRICT_PROTOTYPES = YES;
				CLANG_WARN_SUSPICIOUS_MOVE = YES;
				CLANG_WARN_UNGUARDED_AVAILABILITY = YES_AGGRESSIVE;
				CLANG_WARN_UNREACHABLE_CODE = YES;
				CLANG_WARN__DUPLICATE_METHOD_MATCH = YES;
				COPY_PHASE_STRIP = NO;
				DEBUG_INFORMATION_FORMAT = dwarf;
				ENABLE_STRICT_OBJC_MSGSEND = YES;
				ENABLE_TESTABILITY = YES;
				GCC_C_LANGUAGE_STANDARD = gnu11;
				GCC_DYNAMIC_NO_PIC = NO;
				GCC_NO_COMMON_BLOCKS = YES;
				GCC_OPTIMIZATION_LEVEL = 0;
				GCC_PREPROCESSOR_DEFINITIONS = (
					"DEBUG=1",
					"$(inherited)",
				);
				GCC_WARN_64_TO_32_BIT_CONVERSION = YES;
				GCC_WARN_ABOUT_RETURN_TYPE = YES_ERROR;
				GCC_WARN_UNDECLARED_SELECTOR = YES;
				GCC_WARN_UNINITIALIZED_AUTOS = YES_AGGRESSIVE;
				GCC_WARN_UNUSED_FUNCTION = YES;
				GCC_WARN_UNUSED_VARIABLE = YES;
				IPHONEOS_DEPLOYMENT_TARGET = 16.1;
				MTL_ENABLE_DEBUG_INFO = INCLUDE_SOURCE;
				MTL_FAST_MATH = YES;
				ONLY_ACTIVE_ARCH = YES;
				SDKROOT = iphoneos;
				SWIFT_ACTIVE_COMPILATION_CONDITIONS = DEBUG;
				SWIFT_OPTIMIZATION_LEVEL = "-Onone";
			};
			name = Debug;
		};
		8AA2B8FE29B1EA6800A6CDC6 /* Release */ = {
			isa = XCBuildConfiguration;
			buildSettings = {
				ALWAYS_SEARCH_USER_PATHS = NO;
				CLANG_ANALYZER_NONNULL = YES;
				CLANG_ANALYZER_NUMBER_OBJECT_CONVERSION = YES_AGGRESSIVE;
				CLANG_CXX_LANGUAGE_STANDARD = "gnu++20";
				CLANG_ENABLE_MODULES = YES;
				CLANG_ENABLE_OBJC_ARC = YES;
				CLANG_ENABLE_OBJC_WEAK = YES;
				CLANG_WARN_BLOCK_CAPTURE_AUTORELEASING = YES;
				CLANG_WARN_BOOL_CONVERSION = YES;
				CLANG_WARN_COMMA = YES;
				CLANG_WARN_CONSTANT_CONVERSION = YES;
				CLANG_WARN_DEPRECATED_OBJC_IMPLEMENTATIONS = YES;
				CLANG_WARN_DIRECT_OBJC_ISA_USAGE = YES_ERROR;
				CLANG_WARN_DOCUMENTATION_COMMENTS = YES;
				CLANG_WARN_EMPTY_BODY = YES;
				CLANG_WARN_ENUM_CONVERSION = YES;
				CLANG_WARN_INFINITE_RECURSION = YES;
				CLANG_WARN_INT_CONVERSION = YES;
				CLANG_WARN_NON_LITERAL_NULL_CONVERSION = YES;
				CLANG_WARN_OBJC_IMPLICIT_RETAIN_SELF = YES;
				CLANG_WARN_OBJC_LITERAL_CONVERSION = YES;
				CLANG_WARN_OBJC_ROOT_CLASS = YES_ERROR;
				CLANG_WARN_QUOTED_INCLUDE_IN_FRAMEWORK_HEADER = YES;
				CLANG_WARN_RANGE_LOOP_ANALYSIS = YES;
				CLANG_WARN_STRICT_PROTOTYPES = YES;
				CLANG_WARN_SUSPICIOUS_MOVE = YES;
				CLANG_WARN_UNGUARDED_AVAILABILITY = YES_AGGRESSIVE;
				CLANG_WARN_UNREACHABLE_CODE = YES;
				CLANG_WARN__DUPLICATE_METHOD_MATCH = YES;
				COPY_PHASE_STRIP = NO;
				DEBUG_INFORMATION_FORMAT = "dwarf-with-dsym";
				ENABLE_NS_ASSERTIONS = NO;
				ENABLE_STRICT_OBJC_MSGSEND = YES;
				GCC_C_LANGUAGE_STANDARD = gnu11;
				GCC_NO_COMMON_BLOCKS = YES;
				GCC_WARN_64_TO_32_BIT_CONVERSION = YES;
				GCC_WARN_ABOUT_RETURN_TYPE = YES_ERROR;
				GCC_WARN_UNDECLARED_SELECTOR = YES;
				GCC_WARN_UNINITIALIZED_AUTOS = YES_AGGRESSIVE;
				GCC_WARN_UNUSED_FUNCTION = YES;
				GCC_WARN_UNUSED_VARIABLE = YES;
				IPHONEOS_DEPLOYMENT_TARGET = 16.1;
				MTL_ENABLE_DEBUG_INFO = NO;
				MTL_FAST_MATH = YES;
				SDKROOT = iphoneos;
				SWIFT_COMPILATION_MODE = wholemodule;
				SWIFT_OPTIMIZATION_LEVEL = "-O";
				VALIDATE_PRODUCT = YES;
			};
			name = Release;
		};
		8AA2B90029B1EA6800A6CDC6 /* Debug */ = {
			isa = XCBuildConfiguration;
			baseConfigurationReference = 920895AD617CA313CF9786B0 /* Pods-Rickaland.debug.xcconfig */;
			buildSettings = {
				ASSETCATALOG_COMPILER_APPICON_NAME = AppIcon;
				ASSETCATALOG_COMPILER_GLOBAL_ACCENT_COLOR_NAME = AccentColor;
				CODE_SIGN_STYLE = Automatic;
				CURRENT_PROJECT_VERSION = 1;
				GENERATE_INFOPLIST_FILE = YES;
				INFOPLIST_FILE = Rickaland/Info.plist;
				INFOPLIST_KEY_UIApplicationSupportsIndirectInputEvents = YES;
				INFOPLIST_KEY_UILaunchStoryboardName = LaunchScreen;
				INFOPLIST_KEY_UISupportedInterfaceOrientations_iPad = "UIInterfaceOrientationPortrait UIInterfaceOrientationPortraitUpsideDown UIInterfaceOrientationLandscapeLeft UIInterfaceOrientationLandscapeRight";
				INFOPLIST_KEY_UISupportedInterfaceOrientations_iPhone = "UIInterfaceOrientationPortrait UIInterfaceOrientationLandscapeLeft UIInterfaceOrientationLandscapeRight";
				LD_RUNPATH_SEARCH_PATHS = (
					"$(inherited)",
					"@executable_path/Frameworks",
				);
				MARKETING_VERSION = 1.0;
				PRODUCT_BUNDLE_IDENTIFIER = com.mycompany.FirstApp.Rickaland;
				PRODUCT_NAME = "$(TARGET_NAME)";
				SWIFT_EMIT_LOC_STRINGS = YES;
				SWIFT_VERSION = 5.0;
				TARGETED_DEVICE_FAMILY = "1,2";
			};
			name = Debug;
		};
		8AA2B90129B1EA6800A6CDC6 /* Release */ = {
			isa = XCBuildConfiguration;
			baseConfigurationReference = 521664A9FE66F959634B1F5E /* Pods-Rickaland.release.xcconfig */;
			buildSettings = {
				ASSETCATALOG_COMPILER_APPICON_NAME = AppIcon;
				ASSETCATALOG_COMPILER_GLOBAL_ACCENT_COLOR_NAME = AccentColor;
				CODE_SIGN_STYLE = Automatic;
				CURRENT_PROJECT_VERSION = 1;
				GENERATE_INFOPLIST_FILE = YES;
				INFOPLIST_FILE = Rickaland/Info.plist;
				INFOPLIST_KEY_UIApplicationSupportsIndirectInputEvents = YES;
				INFOPLIST_KEY_UILaunchStoryboardName = LaunchScreen;
				INFOPLIST_KEY_UISupportedInterfaceOrientations_iPad = "UIInterfaceOrientationPortrait UIInterfaceOrientationPortraitUpsideDown UIInterfaceOrientationLandscapeLeft UIInterfaceOrientationLandscapeRight";
				INFOPLIST_KEY_UISupportedInterfaceOrientations_iPhone = "UIInterfaceOrientationPortrait UIInterfaceOrientationLandscapeLeft UIInterfaceOrientationLandscapeRight";
				LD_RUNPATH_SEARCH_PATHS = (
					"$(inherited)",
					"@executable_path/Frameworks",
				);
				MARKETING_VERSION = 1.0;
				PRODUCT_BUNDLE_IDENTIFIER = com.mycompany.FirstApp.Rickaland;
				PRODUCT_NAME = "$(TARGET_NAME)";
				SWIFT_EMIT_LOC_STRINGS = YES;
				SWIFT_VERSION = 5.0;
				TARGETED_DEVICE_FAMILY = "1,2";
			};
			name = Release;
		};
/* End XCBuildConfiguration section */

/* Begin XCConfigurationList section */
		8AA2B8E629B1EA6800A6CDC6 /* Build configuration list for PBXProject "Rickaland" */ = {
			isa = XCConfigurationList;
			buildConfigurations = (
				8AA2B8FD29B1EA6800A6CDC6 /* Debug */,
				8AA2B8FE29B1EA6800A6CDC6 /* Release */,
			);
			defaultConfigurationIsVisible = 0;
			defaultConfigurationName = Release;
		};
		8AA2B8FF29B1EA6800A6CDC6 /* Build configuration list for PBXNativeTarget "Rickaland" */ = {
			isa = XCConfigurationList;
			buildConfigurations = (
				8AA2B90029B1EA6800A6CDC6 /* Debug */,
				8AA2B90129B1EA6800A6CDC6 /* Release */,
			);
			defaultConfigurationIsVisible = 0;
			defaultConfigurationName = Release;
		};
/* End XCConfigurationList section */
	};
	rootObject = 8AA2B8E329B1EA6800A6CDC6 /* Project object */;
}
